<?xml version="1.0" encoding="utf-8"?>
<Project ToolsVersion="4.0" xmlns="http://schemas.microsoft.com/developer/msbuild/2003">
  <ItemGroup>
    <Filter Include="Source">
      <UniqueIdentifier>{4FC737F1-C7A5-4376-A066-2A32D752A2FF}</UniqueIdentifier>
      <Extensions>cpp;c;cc;cxx;c++;cppm;ixx;def;odl;idl;hpj;bat;asm;asmx;h;hh;hpp;hxx;h++;hm;inl;inc;ipp;xsd</Extensions>
    </Filter>
    <Filter Include="Resource Files">
      <UniqueIdentifier>{67DA6AB6-F800-4c08-8B7A-83BB121AAD01}</UniqueIdentifier>
      <Extensions>rc;ico;cur;bmp;dlg;rc2;rct;bin;rgs;gif;jpg;jpeg;jpe;resx;tiff;tif;png;wav;mfcribbon-ms</Extensions>
    </Filter>
    <Filter Include="Source\classes">
      <UniqueIdentifier>{a02cfd22-e5c6-4047-8652-38642c31dfb5}</UniqueIdentifier>
    </Filter>
    <Filter Include="Source\classes\sprites">
      <UniqueIdentifier>{e33e8a9c-fd96-4cb4-af21-1369c4e88cab}</UniqueIdentifier>
    </Filter>
    <Filter Include="Source\classes\player">
      <UniqueIdentifier>{3935f41c-1f0b-46e8-a664-5a960b77e98e}</UniqueIdentifier>
    </Filter>
    <Filter Include="Source\classes\Fight">
      <UniqueIdentifier>{09eefc88-d9fc-4666-9c52-ae9cb9310ca1}</UniqueIdentifier>
    </Filter>
    <Filter Include="Source\classes\Enemies">
      <UniqueIdentifier>{80a690b0-afe2-4baf-ab56-ae29b6263afe}</UniqueIdentifier>
    </Filter>
    <Filter Include="Source\classes\Enemies\enemyTypes">
      <UniqueIdentifier>{a7a0f3a9-9da9-47fe-ad25-06cf1035ec84}</UniqueIdentifier>
    </Filter>
    <Filter Include="Source\classes\player\functionality">
      <UniqueIdentifier>{8bee104c-2335-4b73-b273-b149b20a1157}</UniqueIdentifier>
    </Filter>
    <Filter Include="Source\classes\Enemies\bullets">
      <UniqueIdentifier>{2cc6bb21-8fc9-48a3-b5a1-faf420788482}</UniqueIdentifier>
    </Filter>
    <Filter Include="Source\classes\Enemies\bullets\Froggit">
      <UniqueIdentifier>{90690e2f-eade-4db7-ad4a-bedd224d905e}</UniqueIdentifier>
    </Filter>
  </ItemGroup>
  <ItemGroup>
    <ClCompile Include="Game.cpp">
      <Filter>Source</Filter>
    </ClCompile>
    <ClCompile Include="main.cpp">
      <Filter>Source</Filter>
    </ClCompile>
    <ClCompile Include="pch.cpp">
      <Filter>Source</Filter>
    </ClCompile>
    <ClCompile Include="AnimatedSprite.cpp">
      <Filter>Source\classes\sprites</Filter>
    </ClCompile>
    <ClCompile Include="ResourceManager.cpp">
      <Filter>Source\classes\sprites</Filter>
    </ClCompile>
    <ClCompile Include="Chara.cpp">
      <Filter>Source\classes\player</Filter>
    </ClCompile>
    <ClCompile Include="Fight.cpp">
      <Filter>Source\classes\Fight</Filter>
    </ClCompile>
    <ClCompile Include="Enemy.cpp">
      <Filter>Source\classes\Enemies</Filter>
    </ClCompile>
    <ClCompile Include="FightChara.cpp">
      <Filter>Source\classes\player</Filter>
    </ClCompile>
    <ClCompile Include="ParticleSystem.cpp">
      <Filter>Source\classes\player\functionality</Filter>
    </ClCompile>
    <ClCompile Include="Froggit.cpp">
      <Filter>Source\classes\Enemies\enemyTypes</Filter>
    </ClCompile>
    <ClCompile Include="EnemyManager.cpp">
      <Filter>Source\classes\Enemies</Filter>
    </ClCompile>
    <ClCompile Include="CollisionBox.cpp">
      <Filter>Source\classes\player\functionality</Filter>
    </ClCompile>
    <ClCompile Include="Bullet.cpp">
      <Filter>Source\classes\Enemies\bullets</Filter>
    </ClCompile>
    <ClCompile Include="FroggitJumpAttack.cpp">
      <Filter>Source\classes\Enemies\bullets\Froggit</Filter>
    </ClCompile>
    <ClCompile Include="FroggitFireflyAttack.cpp">
      <Filter>Source\classes\Enemies\bullets\Froggit</Filter>
    </ClCompile>
  </ItemGroup>
  <ItemGroup>
    <ClInclude Include="Game.h">
      <Filter>Source</Filter>
    </ClInclude>
    <ClInclude Include="pch.h">
      <Filter>Source</Filter>
    </ClInclude>
    <ClInclude Include="AnimatedSprite.h">
      <Filter>Source\classes\sprites</Filter>
    </ClInclude>
    <ClInclude Include="ResourceManager.h">
      <Filter>Source\classes\sprites</Filter>
    </ClInclude>
    <ClInclude Include="Chara.h">
      <Filter>Source\classes\player</Filter>
    </ClInclude>
    <ClInclude Include="Fight.h">
      <Filter>Source\classes\Fight</Filter>
    </ClInclude>
    <ClInclude Include="Enemy.h">
      <Filter>Source\classes\Enemies</Filter>
    </ClInclude>
    <ClInclude Include="FightChara.h">
      <Filter>Source\classes\player</Filter>
    </ClInclude>
    <ClInclude Include="ParticleSystem.h">
      <Filter>Source\classes\player\functionality</Filter>
    </ClInclude>
    <ClInclude Include="Froggit.h">
      <Filter>Source\classes\Enemies\enemyTypes</Filter>
    </ClInclude>
    <ClInclude Include="EnemyManager.h">
      <Filter>Source\classes\Enemies</Filter>
    </ClInclude>
    <ClInclude Include="CollisionBox.h">
      <Filter>Source\classes\player\functionality</Filter>
    </ClInclude>
    <ClInclude Include="Bullet.h">
      <Filter>Source\classes\Enemies\bullets</Filter>
    </ClInclude>
    <ClInclude Include="FroggitJumpAttack.h">
      <Filter>Source\classes\Enemies\bullets\Froggit</Filter>
    </ClInclude>
    <ClInclude Include="FroggitFireflyAttack.h">
      <Filter>Source\classes\Enemies\bullets\Froggit</Filter>
    </ClInclude>
  </ItemGroup>
  <ItemGroup>
    <ResourceCompile Include="UndertaleGame.rc">
      <Filter>Resource Files</Filter>
    </ResourceCompile>
  </ItemGroup>
</Project>