<?xml version="1.0" encoding="utf-8"?>
<Project ToolsVersion="4.0" xmlns="http://schemas.microsoft.com/developer/msbuild/2003">
  <ItemGroup>
    <Filter Include="Source">
      <UniqueIdentifier>{4FC737F1-C7A5-4376-A066-2A32D752A2FF}</UniqueIdentifier>
      <Extensions>cpp;c;cc;cxx;c++;cppm;ixx;def;odl;idl;hpj;bat;asm;asmx;h;hh;hpp;hxx;h++;hm;inl;inc;ipp;xsd</Extensions>
    </Filter>
    <Filter Include="Resource Files">
      <UniqueIdentifier>{67DA6AB6-F800-4c08-8B7A-83BB121AAD01}</UniqueIdentifier>
      <Extensions>rc;ico;cur;bmp;dlg;rc2;rct;bin;rgs;gif;jpg;jpeg;jpe;resx;tiff;tif;png;wav;mfcribbon-ms</Extensions>
    </Filter>
    <Filter Include="Source\classes">
      <UniqueIdentifier>{a02cfd22-e5c6-4047-8652-38642c31dfb5}</UniqueIdentifier>
    </Filter>
    <Filter Include="Source\classes\player">
      <UniqueIdentifier>{3935f41c-1f0b-46e8-a664-5a960b77e98e}</UniqueIdentifier>
    </Filter>
    <Filter Include="Source\classes\Fight">
      <UniqueIdentifier>{09eefc88-d9fc-4666-9c52-ae9cb9310ca1}</UniqueIdentifier>
    </Filter>
    <Filter Include="Source\functionality">
      <UniqueIdentifier>{8bee104c-2335-4b73-b273-b149b20a1157}</UniqueIdentifier>
    </Filter>
    <Filter Include="Source\classes\player\Inventory">
      <UniqueIdentifier>{4b80c910-fabd-4829-bcb2-37d214ebcba1}</UniqueIdentifier>
    </Filter>
    <Filter Include="Source\classes\AdventureManager">
      <UniqueIdentifier>{c9b380d6-db23-4285-b51d-e8ef617a8271}</UniqueIdentifier>
    </Filter>
    <Filter Include="Source\classes\Fight\Enemies">
      <UniqueIdentifier>{80a690b0-afe2-4baf-ab56-ae29b6263afe}</UniqueIdentifier>
    </Filter>
    <Filter Include="Source\classes\Fight\Enemies\enemyTypes">
      <UniqueIdentifier>{a7a0f3a9-9da9-47fe-ad25-06cf1035ec84}</UniqueIdentifier>
    </Filter>
    <Filter Include="Source\classes\Fight\Enemies\bullets">
      <UniqueIdentifier>{2cc6bb21-8fc9-48a3-b5a1-faf420788482}</UniqueIdentifier>
    </Filter>
    <Filter Include="Source\classes\Fight\Enemies\bullets\Froggit">
      <UniqueIdentifier>{90690e2f-eade-4db7-ad4a-bedd224d905e}</UniqueIdentifier>
    </Filter>
    <Filter Include="Source\classes\Fight\Enemies\bullets\Loox">
      <UniqueIdentifier>{7850dbf3-c033-4f82-a9e2-13123843a6e5}</UniqueIdentifier>
    </Filter>
    <Filter Include="Source\classes\AdventureManager\Room">
      <UniqueIdentifier>{aa58c087-dc2f-4f5c-9596-dc33d30a53cb}</UniqueIdentifier>
    </Filter>
    <Filter Include="Source\classes\AdventureManager\Room\Interactions">
      <UniqueIdentifier>{9b278646-dae7-4089-a955-8489118342e0}</UniqueIdentifier>
    </Filter>
    <Filter Include="Source\classes\AdventureManager\Room\RoomExtras">
      <UniqueIdentifier>{d6e87e90-61f4-4c21-9dd5-0e3cb351b7a2}</UniqueIdentifier>
    </Filter>
    <Filter Include="Source\classes\Fight\Enemies\bullets\napstablook">
      <UniqueIdentifier>{4ade0e13-2e97-468a-9889-4063547684b1}</UniqueIdentifier>
    </Filter>
    <Filter Include="Source\classes\Resources">
      <UniqueIdentifier>{e33e8a9c-fd96-4cb4-af21-1369c4e88cab}</UniqueIdentifier>
    </Filter>
    <Filter Include="Source\classes\AdventureManager\Menu">
      <UniqueIdentifier>{b46599e9-aaed-4481-8bb7-e439f560a4ba}</UniqueIdentifier>
    </Filter>
    <Filter Include="Source\classes\AdventureManager\Room\Interactions\types">
      <UniqueIdentifier>{f64ca294-12d6-4f2d-93fb-553cfdd34544}</UniqueIdentifier>
    </Filter>
    <Filter Include="Source\classes\StartScreen">
      <UniqueIdentifier>{8be1e811-68af-4352-9d8e-ec319ca1140d}</UniqueIdentifier>
    </Filter>
  </ItemGroup>
  <ItemGroup>
    <ClCompile Include="Game.cpp">
      <Filter>Source</Filter>
    </ClCompile>
    <ClCompile Include="main.cpp">
      <Filter>Source</Filter>
    </ClCompile>
    <ClCompile Include="pch.cpp">
      <Filter>Source</Filter>
    </ClCompile>
    <ClCompile Include="AnimatedSprite.cpp">
      <Filter>Source\classes\Resources</Filter>
    </ClCompile>
    <ClCompile Include="ResourceManager.cpp">
      <Filter>Source\classes\Resources</Filter>
    </ClCompile>
    <ClCompile Include="Player.cpp">
      <Filter>Source\classes\player</Filter>
    </ClCompile>
    <ClCompile Include="Fight.cpp">
      <Filter>Source\classes\Fight</Filter>
    </ClCompile>
    <ClCompile Include="Enemy.cpp">
      <Filter>Source\classes\Fight\Enemies</Filter>
    </ClCompile>
    <ClCompile Include="FightPlayer.cpp">
      <Filter>Source\classes\player</Filter>
    </ClCompile>
    <ClCompile Include="ParticleSystem.cpp">
      <Filter>Source\functionality</Filter>
    </ClCompile>
    <ClCompile Include="Froggit.cpp">
      <Filter>Source\classes\Fight\Enemies\enemyTypes</Filter>
    </ClCompile>
    <ClCompile Include="CollisionBox.cpp">
      <Filter>Source\functionality</Filter>
    </ClCompile>
    <ClCompile Include="Bullet.cpp">
      <Filter>Source\classes\Fight\Enemies\bullets</Filter>
    </ClCompile>
    <ClCompile Include="FroggitJumpAttack.cpp">
      <Filter>Source\classes\Fight\Enemies\bullets\Froggit</Filter>
    </ClCompile>
    <ClCompile Include="FroggitFlyAttack.cpp">
      <Filter>Source\classes\Fight\Enemies\bullets\Froggit</Filter>
    </ClCompile>
    <ClCompile Include="Loox.cpp">
      <Filter>Source\classes\Fight\Enemies\enemyTypes</Filter>
    </ClCompile>
    <ClCompile Include="LooxSinAttack.cpp">
      <Filter>Source\classes\Fight\Enemies\bullets\Loox</Filter>
    </ClCompile>
    <ClCompile Include="LooxBounceAttack.cpp">
      <Filter>Source\classes\Fight\Enemies\bullets\Loox</Filter>
    </ClCompile>
    <ClCompile Include="Item.cpp">
      <Filter>Source\classes\player\Inventory</Filter>
    </ClCompile>
    <ClCompile Include="ItemManager.cpp">
      <Filter>Source\classes\player\Inventory</Filter>
    </ClCompile>
    <ClCompile Include="Inventory.cpp">
      <Filter>Source\classes\player\Inventory</Filter>
    </ClCompile>
    <ClCompile Include="Interactable.cpp">
      <Filter>Source\classes\AdventureManager\Room\Interactions</Filter>
    </ClCompile>
    <ClCompile Include="Adventure.cpp">
      <Filter>Source\classes\AdventureManager</Filter>
    </ClCompile>
    <ClCompile Include="Room.cpp">
      <Filter>Source\classes\AdventureManager\Room</Filter>
    </ClCompile>
    <ClCompile Include="RoomManager.cpp">
      <Filter>Source\classes\AdventureManager\Room</Filter>
    </ClCompile>
    <ClCompile Include="Door.cpp">
      <Filter>Source\classes\AdventureManager\Room\RoomExtras</Filter>
    </ClCompile>
    <ClCompile Include="Napstablook.cpp">
      <Filter>Source\classes\Fight\Enemies\enemyTypes</Filter>
    </ClCompile>
    <ClCompile Include="NapstaNotUpToIt.cpp">
      <Filter>Source\classes\Fight\Enemies\bullets\napstablook</Filter>
    </ClCompile>
    <ClCompile Include="NapstaCryAttack.cpp">
      <Filter>Source\classes\Fight\Enemies\bullets\napstablook</Filter>
    </ClCompile>
    <ClCompile Include="SoundManager.cpp">
      <Filter>Source\classes\Resources</Filter>
    </ClCompile>
    <ClCompile Include="BossFight.cpp">
      <Filter>Source\classes\AdventureManager\Room\Interactions\types</Filter>
    </ClCompile>
    <ClCompile Include="GroundFall.cpp">
      <Filter>Source\classes\AdventureManager\Room\Interactions\types</Filter>
    </ClCompile>
    <ClCompile Include="ItemInteract.cpp">
      <Filter>Source\classes\AdventureManager\Room\Interactions\types</Filter>
    </ClCompile>
    <ClCompile Include="RockInteract.cpp">
      <Filter>Source\classes\AdventureManager\Room\Interactions\types</Filter>
    </ClCompile>
    <ClCompile Include="TextInteract.cpp">
      <Filter>Source\classes\AdventureManager\Room\Interactions\types</Filter>
    </ClCompile>
    <ClCompile Include="AdventureMenu.cpp">
      <Filter>Source\classes\AdventureManager\Menu</Filter>
    </ClCompile>
    <ClCompile Include="StartMenuManager.cpp">
      <Filter>Source\classes\StartScreen</Filter>
    </ClCompile>
  </ItemGroup>
  <ItemGroup>
    <ClInclude Include="Game.h">
      <Filter>Source</Filter>
    </ClInclude>
    <ClInclude Include="pch.h">
      <Filter>Source</Filter>
    </ClInclude>
    <ClInclude Include="AnimatedSprite.h">
      <Filter>Source\classes\Resources</Filter>
    </ClInclude>
    <ClInclude Include="ResourceManager.h">
      <Filter>Source\classes\Resources</Filter>
    </ClInclude>
    <ClInclude Include="Player.h">
      <Filter>Source\classes\player</Filter>
    </ClInclude>
    <ClInclude Include="Fight.h">
      <Filter>Source\classes\Fight</Filter>
    </ClInclude>
    <ClInclude Include="Enemy.h">
      <Filter>Source\classes\Fight\Enemies</Filter>
    </ClInclude>
    <ClInclude Include="FightPlayer.h">
      <Filter>Source\classes\player</Filter>
    </ClInclude>
    <ClInclude Include="ParticleSystem.h">
      <Filter>Source\functionality</Filter>
    </ClInclude>
    <ClInclude Include="Froggit.h">
      <Filter>Source\classes\Fight\Enemies\enemyTypes</Filter>
    </ClInclude>
    <ClInclude Include="CollisionBox.h">
      <Filter>Source\functionality</Filter>
    </ClInclude>
    <ClInclude Include="Bullet.h">
      <Filter>Source\classes\Fight\Enemies\bullets</Filter>
    </ClInclude>
    <ClInclude Include="FroggitJumpAttack.h">
      <Filter>Source\classes\Fight\Enemies\bullets\Froggit</Filter>
    </ClInclude>
    <ClInclude Include="FroggitFlyAttack.h">
      <Filter>Source\classes\Fight\Enemies\bullets\Froggit</Filter>
    </ClInclude>
    <ClInclude Include="Loox.h">
      <Filter>Source\classes\Fight\Enemies\enemyTypes</Filter>
    </ClInclude>
    <ClInclude Include="LooxSinAttack.h">
      <Filter>Source\classes\Fight\Enemies\bullets\Loox</Filter>
    </ClInclude>
    <ClInclude Include="LooxBounceAttack.h">
      <Filter>Source\classes\Fight\Enemies\bullets\Loox</Filter>
    </ClInclude>
    <ClInclude Include="Item.h">
      <Filter>Source\classes\player\Inventory</Filter>
    </ClInclude>
    <ClInclude Include="ItemManager.h">
      <Filter>Source\classes\player\Inventory</Filter>
    </ClInclude>
    <ClInclude Include="Inventory.h">
      <Filter>Source\classes\player\Inventory</Filter>
    </ClInclude>
    <ClInclude Include="Adventure.h">
      <Filter>Source\classes\AdventureManager</Filter>
    </ClInclude>
    <ClInclude Include="Interactable.h">
      <Filter>Source\classes\AdventureManager\Room\Interactions</Filter>
    </ClInclude>
    <ClInclude Include="Room.h">
      <Filter>Source\classes\AdventureManager\Room</Filter>
    </ClInclude>
    <ClInclude Include="RoomManager.h">
      <Filter>Source\classes\AdventureManager\Room</Filter>
    </ClInclude>
    <ClInclude Include="Door.h">
      <Filter>Source\classes\AdventureManager\Room\RoomExtras</Filter>
    </ClInclude>
    <ClInclude Include="Napstablook.h">
      <Filter>Source\classes\Fight\Enemies\enemyTypes</Filter>
    </ClInclude>
    <ClInclude Include="NapstaNotUpToIt.h">
      <Filter>Source\classes\Fight\Enemies\bullets\napstablook</Filter>
    </ClInclude>
    <ClInclude Include="NapstaCryAttack.h">
      <Filter>Source\classes\Fight\Enemies\bullets\napstablook</Filter>
    </ClInclude>
    <ClInclude Include="SoundManager.h">
      <Filter>Source\classes\Resources</Filter>
    </ClInclude>
    <ClInclude Include="BossFight.h">
      <Filter>Source\classes\AdventureManager\Room\Interactions\types</Filter>
    </ClInclude>
    <ClInclude Include="GroundFall.h">
      <Filter>Source\classes\AdventureManager\Room\Interactions\types</Filter>
    </ClInclude>
    <ClInclude Include="ItemInteract.h">
      <Filter>Source\classes\AdventureManager\Room\Interactions\types</Filter>
    </ClInclude>
    <ClInclude Include="RockInteract.h">
      <Filter>Source\classes\AdventureManager\Room\Interactions\types</Filter>
    </ClInclude>
    <ClInclude Include="TextInteract.h">
      <Filter>Source\classes\AdventureManager\Room\Interactions\types</Filter>
    </ClInclude>
    <ClInclude Include="AdventureMenu.h">
      <Filter>Source\classes\AdventureManager\Menu</Filter>
    </ClInclude>
    <ClInclude Include="StartMenuManager.h">
      <Filter>Source\classes\StartScreen</Filter>
    </ClInclude>
  </ItemGroup>
  <ItemGroup>
    <ResourceCompile Include="UndertaleGame.rc">
      <Filter>Resource Files</Filter>
    </ResourceCompile>
  </ItemGroup>
</Project>